{
  "meteor": {},
  "dependencies": {
    "basePackages": {
      "iron-router": {},
      "nprogress": {},
      "winston": {},
      "winston-loggly": {},
      "winston-client": {},
      "bootstrap-growl": {},
      "buzz.js": {},
      "kinetic.js": {},
      "bootboxjs": {},
      "blaze-layout": {},
      "apm": {},
      "bootstrap-3": {},
      "font-awesome": {},
      "gsap": {
        "git": "https://github.com/brentjanderson/meteor-gsap.git",
        "branch": "master"
      },
      "chosen-package": {},
      "bootstrap3-slider-touch": {},
      "three.js": {
        "git": "https://github.com/farpoint/meteor-three",
        "tag": "v0.67.5"
      },
      "tween": {
        "git": "https://github.com/farpoint/meteor-tween",
        "tag": "v0.13.1"
      }
    },
    "packages": {
      "iron-router": {
        "git": "https://github.com/EventedMind/iron-router.git",
        "tag": "v0.7.1",
        "commit": "d1ffb3f06ea4c112132b030f2eb1a70b81675ecb"
      },
      "nprogress": {
        "git": "https://github.com/zhouzhuojie/meteor-nprogress.git",
        "tag": "v0.0.4",
        "commit": "8333206b751a24fac1fbd1b03fa37621bcefe50c"
      },
      "winston": {
        "git": "https://github.com/tomrogers3/meteor-winston.git",
        "tag": "v0.0.3",
        "commit": "60dc02303ca003ef05254f94fbb9bfd40915d5d3"
      },
      "winston-loggly": {
        "git": "https://github.com/tomrogers3/meteor-winston-loggly.git",
        "tag": "v0.0.3",
        "commit": "87ac23ce1134d778d53a3b99350921f9eb15358c"
      },
      "winston-client": {
        "git": "https://github.com/farpoint/meteor-winston-client.git",
        "tag": "v0.0.4",
        "commit": "bc9959bf320e7745052d42e84038b27eec0b1a68"
      },
      "bootstrap-growl": {
        "git": "https://github.com/TimHeckel/meteor-bootstrap-growl.git",
        "tag": "v0.1.1",
        "commit": "674fd231a46e405f8d4eb463725d8003a02374ec"
      },
      "buzz.js": {
        "git": "https://github.com/brentjanderson/meteor-buzz.git",
        "tag": "v1.1.0.1",
        "commit": "5c579c9833a6633a38fb05db928a09ac0a3bbc7e"
      },
      "kinetic.js": {
        "git": "https://github.com/brentjanderson/meteor-kinetic.git",
        "tag": "v5.1.0",
        "commit": "0657c2faa36afadfb4405a8c9f6201710f7984b1"
      },
      "bootboxjs": {
        "git": "https://github.com/TimHeckel/meteor-bootboxjs.git",
        "tag": "v4.2.0",
        "commit": "2b7d18ad028d9e7b37238ecf2a8a7970735cebd1"
      },
      "blaze-layout": {
        "git": "https://github.com/EventedMind/blaze-layout.git",
        "tag": "v0.2.5",
        "commit": "273e3ab7d005d91a1a59c71bd224533b4dae2fbd"
      },
      "apm": {
        "git": "https://github.com/arunoda/meteor-apm-client.git",
        "tag": "v1.2.6",
        "commit": "426e3c3c33457736ec64d8af17c765d477d1476b"
      },
      "bootstrap-3": {
        "git": "https://github.com/mangasocial/meteor-bootstrap-3.git",
        "tag": "v3.1.1-1",
        "commit": "63dd38968828bb8963636df93e9a1c45e2dfe67e"
      },
      "font-awesome": {
        "git": "https://github.com/nate-strauser/meteor-font-awesome.git",
        "tag": "v4.0.3",
        "commit": "61e9361384347547ae144f8228faa4deffda23db"
      },
      "gsap": {
        "git": "https://github.com/brentjanderson/meteor-gsap.git",
        "branch": "master",
        "commit": "a7a6c03769ea3d7983f360f21ce4046a88c2f78b"
      },
      "chosen-package": {
        "git": "https://github.com/Ore4444/chosen-package.git",
        "tag": "v0.11.1",
        "commit": "8d1a748bafaae8b6005a979ab7261ac14ff38052"
      },
      "bootstrap3-slider-touch": {
        "git": "https://github.com/jcchin/meteor-bootstrap-slider-touch/",
        "tag": "v2.0.3",
        "commit": "3f8ce5ad2696fb80c337949890e2ded415ac3239"
      },
      "three.js": {
        "git": "https://github.com/farpoint/meteor-three",
        "tag": "v0.67.5",
        "commit": "2f737a35355f0ecc7193e4a41e92386c1490450f"
      },
      "tween": {
        "git": "https://github.com/farpoint/meteor-tween",
        "tag": "v0.13.1",
        "commit": "ea218fe9f498191c7679a7dad29df180fb37b402"
      }
    }
  }
}
