{
  "meteor": {},
  "dependencies": {
    "basePackages": {
      "iron-router": {},
      "nprogress": {},
      "winston": {},
      "winston-loggly": {},
      "winston-client": {},
      "bootstrap-growl": {},
      "buzz.js": {},
      "kinetic.js": {},
      "bootboxjs": {},
      "blaze-layout": {},
      "apm": {},
      "bootstrap-3": {},
      "font-awesome": {},
      "gsap": {
        "git": "https://github.com/brentjanderson/meteor-gsap.git",
        "branch": "master"
      },
      "chosen-package": {},
      "bootstrap3-slider-touch": {},
      "three.js": {
        "git": "https://github.com/farpoint/meteor-three",
        "tag": "v0.67.5"
      },
      "tween": {
        "git": "https://github.com/farpoint/meteor-tween",
        "tag": "v0.13.1"
      },
      "collectionFS": {}
    },
    "packages": {
      "iron-router": {
        "git": "https://github.com/EventedMind/iron-router.git",
        "tag": "v0.7.1",
        "commit": "d1ffb3f06ea4c112132b030f2eb1a70b81675ecb"
      },
      "nprogress": {
        "git": "https://github.com/zhouzhuojie/meteor-nprogress.git",
        "tag": "v0.0.4",
        "commit": "8333206b751a24fac1fbd1b03fa37621bcefe50c"
      },
      "winston": {
        "git": "https://github.com/tomrogers3/meteor-winston.git",
        "tag": "v0.0.3",
        "commit": "60dc02303ca003ef05254f94fbb9bfd40915d5d3"
      },
      "winston-loggly": {
        "git": "https://github.com/tomrogers3/meteor-winston-loggly.git",
        "tag": "v0.0.3",
        "commit": "87ac23ce1134d778d53a3b99350921f9eb15358c"
      },
      "winston-client": {
        "git": "https://github.com/farpoint/meteor-winston-client.git",
        "tag": "v0.0.4",
        "commit": "bc9959bf320e7745052d42e84038b27eec0b1a68"
      },
      "bootstrap-growl": {
        "git": "https://github.com/TimHeckel/meteor-bootstrap-growl.git",
        "tag": "v0.1.1",
        "commit": "674fd231a46e405f8d4eb463725d8003a02374ec"
      },
      "buzz.js": {
        "git": "https://github.com/brentjanderson/meteor-buzz.git",
        "tag": "v1.1.0.1",
        "commit": "5c579c9833a6633a38fb05db928a09ac0a3bbc7e"
      },
      "kinetic.js": {
        "git": "https://github.com/brentjanderson/meteor-kinetic.git",
        "tag": "v5.1.0",
        "commit": "0657c2faa36afadfb4405a8c9f6201710f7984b1"
      },
      "bootboxjs": {
        "git": "https://github.com/TimHeckel/meteor-bootboxjs.git",
        "tag": "v4.2.0",
        "commit": "2b7d18ad028d9e7b37238ecf2a8a7970735cebd1"
      },
      "blaze-layout": {
        "git": "https://github.com/EventedMind/blaze-layout.git",
        "tag": "v0.2.5",
        "commit": "273e3ab7d005d91a1a59c71bd224533b4dae2fbd"
      },
      "apm": {
        "git": "https://github.com/arunoda/meteor-apm-client.git",
        "tag": "v1.4.6",
        "commit": "5a185029dd65816c27f988bccedbb77785eab6dc"
      },
      "bootstrap-3": {
        "git": "https://github.com/mangasocial/meteor-bootstrap-3.git",
        "tag": "v3.1.1-1",
        "commit": "63dd38968828bb8963636df93e9a1c45e2dfe67e"
      },
      "font-awesome": {
        "git": "https://github.com/nate-strauser/meteor-font-awesome.git",
        "tag": "v4.1.0",
        "commit": "ce6b1e92715d1938babc5d69c655c17e387f5926"
      },
      "gsap": {
        "git": "https://github.com/brentjanderson/meteor-gsap.git",
        "branch": "master",
        "commit": "337696a8f5922102ec44d7491b7dc9d01d594c0f"
      },
      "chosen-package": {
        "git": "https://github.com/Ore4444/chosen-package.git",
        "tag": "v0.11.1",
        "commit": "8d1a748bafaae8b6005a979ab7261ac14ff38052"
      },
      "bootstrap3-slider-touch": {
        "git": "https://github.com/jcchin/meteor-bootstrap-slider-touch/",
        "tag": "v2.0.3",
        "commit": "3f8ce5ad2696fb80c337949890e2ded415ac3239"
      },
      "three.js": {
        "git": "https://github.com/farpoint/meteor-three",
        "tag": "v0.67.5",
        "commit": "2f737a35355f0ecc7193e4a41e92386c1490450f"
      },
      "tween": {
        "git": "https://github.com/farpoint/meteor-tween",
        "tag": "v0.13.1",
        "commit": "ea218fe9f498191c7679a7dad29df180fb37b402"
      },
      "collectionFS": {
        "git": "https://github.com/CollectionFS/Meteor-CollectionFS.git",
        "tag": "v0.4.8",
        "commit": "fea890b1e27799ccc9f71046748fb23a84330a16"
      },
      "cfs-base-package": {
        "git": "https://github.com/CollectionFS/Meteor-cfs-base-package.git",
        "tag": "v0.0.23",
        "commit": "82bc49b4b8f66572b5551098e674e3a3b6c42ea3"
      },
      "cfs-file": {
        "git": "https://github.com/CollectionFS/Meteor-cfs-file.git",
        "tag": "v0.1.5",
        "commit": "02dbe5f51a9d1067c3891e3658c48d4fadb9dff6"
      },
      "cfs-collection": {
        "git": "https://github.com/CollectionFS/Meteor-cfs-collection.git",
        "tag": "v0.4.10",
        "commit": "62029f88f1cb4969e8338aa1cfaf34a8f167fa0e"
      },
      "cfs-collection-filters": {
        "git": "https://github.com/CollectionFS/Meteor-cfs-collection-filters.git",
        "tag": "v0.1.1",
        "commit": "447134421887fcf20bd78c88d8c0913256f76db1"
      },
      "cfs-access-point": {
        "git": "https://github.com/CollectionFS/Meteor-cfs-access-point.git",
        "tag": "v0.0.30",
        "commit": "a1a02ef8d145aae414bf9fe483f5944a24e35bf5"
      },
      "cfs-worker": {
        "git": "https://github.com/CollectionFS/Meteor-cfs-worker.git",
        "tag": "v0.0.16",
        "commit": "172abbf679a9c9ce65d5cac7b51f23967aff94f7"
      },
      "cfs-upload-http": {
        "git": "https://github.com/CollectionFS/Meteor-cfs-upload-http.git",
        "tag": "v0.0.12",
        "commit": "774bf581e0f3da269dc842672ed6c2da09fd2bdf"
      },
      "cfs-filesaver": {
        "git": "https://github.com/CollectionFS/Meteor-cfs-filesaver.git",
        "tag": "v0.0.3",
        "commit": "29cd7ae4dab138aa5e3792485945e742c46fc330"
      },
      "cfs-storage-adapter": {
        "git": "https://github.com/CollectionFS/Meteor-cfs-storage-adapter.git",
        "tag": "v0.0.26",
        "commit": "cb9808ec519f8673d2cc4cc881b6eda9e56bdead"
      },
      "http-methods": {
        "git": "https://github.com/CollectionFS/Meteor-http-methods.git",
        "tag": "v0.0.22",
        "commit": "5b0f7723f49436b8a0a930f284ed05f0b26021fe"
      },
      "numeral": {
        "git": "https://github.com/vsivsi/meteor-numeral.git",
        "tag": "v1.5.3",
        "commit": "bdc97fc69bee7dadae1fc0f97fa6d9d76a03e73d"
      },
      "data-man": {
        "git": "https://github.com/CollectionFS/Meteor-data-man.git",
        "branch": "master",
        "commit": "c42e97728b38c29522d59db58d290e928df831ba"
      },
      "cfs-upload-ddp": {
        "git": "https://github.com/CollectionFS/Meteor-cfs-upload-ddp.git",
        "tag": "v0.0.10",
        "commit": "17caf4f38462017c9545d2187020a7f4596e8c4f"
      },
      "cfs-tempstore": {
        "git": "https://github.com/CollectionFS/Meteor-cfs-tempstore.git",
        "tag": "v0.0.26",
        "commit": "0b95e286b94754ca317b968a4d818cc65913dd72"
      },
      "emitter": {
        "git": "https://github.com/Meteor-Reaction/meteor-emitter.git",
        "tag": "v0.1.0",
        "commit": "849a91bbe4e1e0636f49fa2e5141e74ed5137a27"
      },
      "http-publish": {
        "git": "https://github.com/CollectionFS/Meteor-http-publish.git",
        "tag": "v0.0.10",
        "commit": "f308999d074a3c4c056a88c431be04cead93228b"
      },
      "cfs-gridfs": {
        "git": "https://github.com/CollectionFS/Meteor-cfs-gridfs.git",
        "tag": "v0.0.22",
        "commit": "2d008d4594e55d07006674b25a7e9cf8d25a3917"
      },
      "power-queue": {
        "git": "https://github.com/CollectionFS/Meteor-power-queue.git",
        "tag": "v0.9.9",
        "commit": "567d3905784a8be6aacfbb69d477003ba9b5c4b5"
      },
      "reactive-list": {
        "git": "https://github.com/CollectionFS/Meteor-reactive-list.git",
        "tag": "v0.0.7",
        "commit": "5855e3795947145b20a331250113ce927060445b"
      },
      "cfs-graphicsmagick": {
        "git": "https://github.com/CollectionFS/Meteor-cfs-graphicsmagick.git",
        "tag": "v0.0.12",
        "commit": "3ab945c2018aad2316eabf85ac1814e76a8ed627"
      },
      "cfs-ejson-file": {
        "git": "https://github.com/CollectionFS/Meteor-cfs-ejson-file.git",
        "tag": "v0.0.7",
        "commit": "aa80b46e73f3c9dcfec75106d1078b56be475bd7"
      },
      "cfs-filesystem": {
        "git": "https://github.com/CollectionFS/Meteor-cfs-filesystem.git",
        "tag": "v0.0.26",
        "commit": "1ec938265d937d81ff1323f2a8c8dbd301b233df"
      },
      "reactive-property": {
        "git": "https://github.com/CollectionFS/Meteor-reactive-property.git",
        "tag": "v0.0.1",
        "commit": "f742b8656bb88fafff2a9c3a32ff1f97b3ebf2f7"
      },
      "micro-queue": {
        "git": "https://github.com/CollectionFS/Meteor-micro-queue.git",
        "tag": "v0.0.3",
        "commit": "70266ce2c273a12c5af17b5c056253936caabb01"
      }
    }
  }
}
