{
  "meteor": {},
  "dependencies": {
    "basePackages": {
      "iron-router": {
        "git": "https://github.com/EventedMind/iron-router.git",
        "branch": "blaze-integration"
      },
      "nprogress": {},
      "winston": {},
      "winston-loggly": {},
      "winston-client": {},
      "bootstrap-growl": {},
      "buzz.js": {},
      "kinetic.js": {},
      "bootboxjs": {},
      "blaze-layout": {}
    },
    "packages": {
      "iron-router": {
        "git": "https://github.com/EventedMind/iron-router.git",
        "branch": "blaze-integration",
        "commit": "6fd133401bb6de65a30ba148f7d61ea1b4dc9b43"
      },
      "nprogress": {
        "git": "https://github.com/zhouzhuojie/meteor-nprogress.git",
        "tag": "v0.0.3",
        "commit": "ffd1c5dd400af64121197f4e637a215c4b6b1fc7"
      },
      "winston": {
        "git": "https://github.com/tomrogers3/meteor-winston.git",
        "tag": "v0.0.3",
        "commit": "60dc02303ca003ef05254f94fbb9bfd40915d5d3"
      },
      "winston-loggly": {
        "git": "https://github.com/tomrogers3/meteor-winston-loggly.git",
        "tag": "v0.0.3",
        "commit": "87ac23ce1134d778d53a3b99350921f9eb15358c"
      },
      "winston-client": {
        "git": "https://github.com/farpoint/meteor-winston-client.git",
        "tag": "v0.0.4",
        "commit": "bc9959bf320e7745052d42e84038b27eec0b1a68"
      },
      "bootstrap-growl": {
        "git": "https://github.com/TimHeckel/meteor-bootstrap-growl.git",
        "tag": "v0.1.1",
        "commit": "674fd231a46e405f8d4eb463725d8003a02374ec"
      },
      "buzz.js": {
        "git": "https://github.com/brentjanderson/meteor-buzz.git",
        "tag": "v1.1.0.1",
        "commit": "5c579c9833a6633a38fb05db928a09ac0a3bbc7e"
      },
      "kinetic.js": {
        "git": "https://github.com/brentjanderson/meteor-kinetic.git",
        "tag": "v5.0.1",
        "commit": "3c29f5bcbcdc9687081b336e59e8387dc02236a5"
      },
      "bootboxjs": {
        "git": "https://github.com/TimHeckel/meteor-bootboxjs.git",
        "tag": "v3.2.2",
        "commit": "580adfebfa12b4d2186a80cec1109dab74ad6228"
      },
      "blaze-layout": {
        "git": "https://github.com/EventedMind/blaze-layout.git",
        "tag": "v0.0.1",
        "commit": "fa631b7b192618e8690d43f0033a3f4c7f77fa1d"
      }
    }
  }
}
