{
  "meteor": {
    "git": "https://github.com/meteor/meteor.git",
    "branch": "master",
    "commit": "f07715dc70de16a7aab84e56ab0c6cbd9c1f9dc6"
  },
  "dependencies": {
    "basePackages": {
      "jquery-ui": {},
      "cookie": {},
      "router": {},
      "observatory": {},
      "bootboxjs": {},
      "bootstrap-growl": {},
      "kinetic.js": {}
    },
    "packages": {
      "jquery-ui": {
        "git": "https://github.com/TimHeckel/meteor-jquery-ui.git",
        "tag": "v1.9.2",
        "commit": "c437d45edcf1367df8d5ffa8bad2867758030bd2"
      },
      "cookie": {
        "git": "https://github.com/chuangbo/meteor-cookie.git",
        "tag": "v1.0.2",
        "commit": "263fd43ef3c7eaaa3f412b97bbc8d4622b348a6e"
      },
      "router": {
        "git": "https://github.com/tmeasday/meteor-router.git",
        "tag": "v0.4.3",
        "commit": "0691a6e2c4c249ce7d00cd6dc7ad27e1c7330a31"
      },
      "observatory": {
        "git": "https://github.com/jhoxray/observatory.git",
        "tag": "v0.1.99",
        "commit": "ee4d2940c8e0854a2354367cae7b173152f277e9"
      },
      "bootboxjs": {
        "git": "https://github.com/TimHeckel/meteor-bootboxjs.git",
        "tag": "v0.1.1",
        "commit": "6c46c71a5632eb49b20cd679a5008b7dc9ac39af"
      },
      "bootstrap-growl": {
        "git": "https://github.com/TimHeckel/meteor-bootstrap-growl.git",
        "tag": "v0.1.1",
        "commit": "674fd231a46e405f8d4eb463725d8003a02374ec"
      },
      "kinetic.js": {
        "git": "https://github.com/brentjanderson/meteor-kinetic.git",
        "tag": "v0.1.0",
        "commit": "95864dec73c122ac0c0dedfdb9748cc9add523cf"
      },
      "page-js-ie-support": {
        "git": "https://github.com/tmeasday/meteor-page-js-ie-support.git",
        "tag": "v1.3.5",
        "commit": "b99ed8380aefd10b2afc8f18d9eed4dd0d8ea9cb"
      }
    }
  }
}
